
Microsoft Visual Studio Solution File, Format Version 12.00
# Visual Studio Version 17
VisualStudioVersion = 17.9.34728.123
MinimumVisualStudioVersion = 10.0.40219.1
Project("{FAE04EC0-301F-11D3-BF4B-00C04F79EFBC}") = "Leetcode75", "Leetcode75\Leetcode75.csproj", "{F11D59F2-F5B0-44DB-8A92-815C794E13EF}"
EndProject
Global
	GlobalSection(SolutionConfigurationPlatforms) = preSolution
		Debug|Any CPU = Debug|Any CPU
		Release|Any CPU = Release|Any CPU
	EndGlobalSection
	GlobalSection(ProjectConfigurationPlatforms) = postSolution
		{F11D59F2-F5B0-44DB-8A92-815C794E13EF}.Debug|Any CPU.ActiveCfg = Debug|Any CPU
		{F11D59F2-F5B0-44DB-8A92-815C794E13EF}.Debug|Any CPU.Build.0 = Debug|Any CPU
		{F11D59F2-F5B0-44DB-8A92-815C794E13EF}.Release|Any CPU.ActiveCfg = Release|Any CPU
		{F11D59F2-F5B0-44DB-8A92-815C794E13EF}.Release|Any CPU.Build.0 = Release|Any CPU
	EndGlobalSection
	GlobalSection(SolutionProperties) = preSolution
		HideSolutionNode = FALSE
	EndGlobalSection
	GlobalSection(ExtensibilityGlobals) = postSolution
		SolutionGuid = {3FE05674-E3B0-4066-8CB5-EDB263654A9F}
	EndGlobalSection
EndGlobal
